
Microsoft Visual Studio Solution File, Format Version 12.00
# Visual Studio 15
VisualStudioVersion = 15.0.27130.2010
MinimumVisualStudioVersion = 10.0.40219.1
Project("{FAE04EC0-301F-11D3-BF4B-00C04F79EFBC}") = "IRhomework", "IRhomework\IRhomework.csproj", "{572382A4-84A1-4153-B379-1735AE1B03FC}"
EndProject
Project("{FAE04EC0-301F-11D3-BF4B-00C04F79EFBC}") = "IndexingService", "IndexingService\IndexingService.csproj", "{6B9F0CBC-07AE-46A8-ADEA-C3C0768FF4AB}"
EndProject
Project("{FAE04EC0-301F-11D3-BF4B-00C04F79EFBC}") = "AutoComplete", "AutoComplete\AutoComplete.csproj", "{1BF77506-A4C4-4F43-AC16-C86757AE7503}"
EndProject
Global
	GlobalSection(SolutionConfigurationPlatforms) = preSolution
		Debug|Any CPU = Debug|Any CPU
		Release|Any CPU = Release|Any CPU
	EndGlobalSection
	GlobalSection(ProjectConfigurationPlatforms) = postSolution
		{572382A4-84A1-4153-B379-1735AE1B03FC}.Debug|Any CPU.ActiveCfg = Debug|Any CPU
		{572382A4-84A1-4153-B379-1735AE1B03FC}.Debug|Any CPU.Build.0 = Debug|Any CPU
		{572382A4-84A1-4153-B379-1735AE1B03FC}.Release|Any CPU.ActiveCfg = Release|Any CPU
		{572382A4-84A1-4153-B379-1735AE1B03FC}.Release|Any CPU.Build.0 = Release|Any CPU
		{6B9F0CBC-07AE-46A8-ADEA-C3C0768FF4AB}.Debug|Any CPU.ActiveCfg = Debug|Any CPU
		{6B9F0CBC-07AE-46A8-ADEA-C3C0768FF4AB}.Debug|Any CPU.Build.0 = Debug|Any CPU
		{6B9F0CBC-07AE-46A8-ADEA-C3C0768FF4AB}.Release|Any CPU.ActiveCfg = Release|Any CPU
		{6B9F0CBC-07AE-46A8-ADEA-C3C0768FF4AB}.Release|Any CPU.Build.0 = Release|Any CPU
		{1BF77506-A4C4-4F43-AC16-C86757AE7503}.Debug|Any CPU.ActiveCfg = Debug|Any CPU
		{1BF77506-A4C4-4F43-AC16-C86757AE7503}.Debug|Any CPU.Build.0 = Debug|Any CPU
		{1BF77506-A4C4-4F43-AC16-C86757AE7503}.Release|Any CPU.ActiveCfg = Release|Any CPU
		{1BF77506-A4C4-4F43-AC16-C86757AE7503}.Release|Any CPU.Build.0 = Release|Any CPU
	EndGlobalSection
	GlobalSection(SolutionProperties) = preSolution
		HideSolutionNode = FALSE
	EndGlobalSection
	GlobalSection(ExtensibilityGlobals) = postSolution
		SolutionGuid = {14E5C95C-3907-4157-A4AD-C67794B18EC7}
	EndGlobalSection
EndGlobal
